
Microsoft Visual Studio Solution File, Format Version 12.00
# Visual Studio Version 16
VisualStudioVersion = 16.0.32510.428
MinimumVisualStudioVersion = 10.0.40219.1
Project("{FAE04EC0-301F-11D3-BF4B-00C04F79EFBC}") = "BoneworksDecompiled", "BoneworksDecompiled.csproj", "{C33921DC-5778-4EEC-A2D0-E0AE522CC701}"
EndProject
Project("{0AD97044-708A-438E-856D-FF9FEE6969C1}") = "BonelabPort", "BonelabPort.csproj", "{B08C3577-91FF-4261-AA3A-743E011DB435}"
EndProject

Global
  GlobalSection(SolutionConfigurationPlatforms) = preSolution
    Debug|Any CPU = Debug|Any CPU
    Release|Any CPU = Release|Any CPU
  EndGlobalSection
  GlobalSection(ProjectConfigurationPlatforms) = postSolution
    {C33921DC-5778-4EEC-A2D0-E0AE522CC701}.Debug|Any CPU.ActiveCfg = Debug|Any CPU
    {C33921DC-5778-4EEC-A2D0-E0AE522CC701}.Debug|Any CPU.Build.0 = Debug|Any CPU
    {C33921DC-5778-4EEC-A2D0-E0AE522CC701}.Release|Any CPU.ActiveCfg = Release|Any CPU
    {C33921DC-5778-4EEC-A2D0-E0AE522CC701}.Release|Any CPU.Build.0 = Release|Any CPU

    {B08C3577-91FF-4261-AA3A-743E011DB435}.Debug|Any CPU.ActiveCfg = Debug|Any CPU
    {B08C3577-91FF-4261-AA3A-743E011DB435}.Debug|Any CPU.Build.0 = Debug|Any CPU
    {B08C3577-91FF-4261-AA3A-743E011DB435}.Release|Any CPU.ActiveCfg = Release|Any CPU
    {B08C3577-91FF-4261-AA3A-743E011DB435}.Release|Any CPU.Build.0 = Release|Any CPU
  EndGlobalSection
  GlobalSection(SolutionProperties) = preSolution
    HideSolutionNode = FALSE
  EndGlobalSection
  GlobalSection(ExtensibilityGlobals) = postSolution
    SolutionGuid = {8090BF02-23C0-4773-837E-F9A97685257E}
  EndGlobalSection
EndGlobal
